
Microsoft Visual Studio Solution File, Format Version 12.00
# Visual Studio Version 17
VisualStudioVersion = 17.4.33122.133
MinimumVisualStudioVersion = 10.0.40219.1
Project("{FAE04EC0-301F-11D3-BF4B-00C04F79EFBC}") = "COGS Calculator", "COGS Calculator\COGS Calculator.csproj", "{62017DA8-CEC7-4F33-9B2E-078F49B2362E}"
EndProject
Global
	GlobalSection(SolutionConfigurationPlatforms) = preSolution
		Debug|Any CPU = Debug|Any CPU
		Release|Any CPU = Release|Any CPU
	EndGlobalSection
	GlobalSection(ProjectConfigurationPlatforms) = postSolution
		{62017DA8-CEC7-4F33-9B2E-078F49B2362E}.Debug|Any CPU.ActiveCfg = Debug|Any CPU
		{62017DA8-CEC7-4F33-9B2E-078F49B2362E}.Debug|Any CPU.Build.0 = Debug|Any CPU
		{62017DA8-CEC7-4F33-9B2E-078F49B2362E}.Release|Any CPU.ActiveCfg = Release|Any CPU
		{62017DA8-CEC7-4F33-9B2E-078F49B2362E}.Release|Any CPU.Build.0 = Release|Any CPU
	EndGlobalSection
	GlobalSection(SolutionProperties) = preSolution
		HideSolutionNode = FALSE
	EndGlobalSection
	GlobalSection(ExtensibilityGlobals) = postSolution
		SolutionGuid = {08EB17B9-5178-4948-994C-17EA01912CC5}
	EndGlobalSection
EndGlobal
